
Microsoft Visual Studio Solution File, Format Version 12.00
# Visual Studio Version 17
VisualStudioVersion = 17.9.34902.65
MinimumVisualStudioVersion = 10.0.40219.1
Project("{FAE04EC0-301F-11D3-BF4B-00C04F79EFBC}") = "Caso_Estudio", "Caso_Estudio\Caso_Estudio.csproj", "{12AE9BD7-5901-4A3A-916F-97CF75AB8DCB}"
EndProject
Global
	GlobalSection(SolutionConfigurationPlatforms) = preSolution
		Debug|Any CPU = Debug|Any CPU
		Release|Any CPU = Release|Any CPU
	EndGlobalSection
	GlobalSection(ProjectConfigurationPlatforms) = postSolution
		{12AE9BD7-5901-4A3A-916F-97CF75AB8DCB}.Debug|Any CPU.ActiveCfg = Debug|Any CPU
		{12AE9BD7-5901-4A3A-916F-97CF75AB8DCB}.Debug|Any CPU.Build.0 = Debug|Any CPU
		{12AE9BD7-5901-4A3A-916F-97CF75AB8DCB}.Release|Any CPU.ActiveCfg = Release|Any CPU
		{12AE9BD7-5901-4A3A-916F-97CF75AB8DCB}.Release|Any CPU.Build.0 = Release|Any CPU
	EndGlobalSection
	GlobalSection(SolutionProperties) = preSolution
		HideSolutionNode = FALSE
	EndGlobalSection
	GlobalSection(ExtensibilityGlobals) = postSolution
		SolutionGuid = {B8A74D21-B869-4E08-8672-ACF1C63BA586}
	EndGlobalSection
EndGlobal
